
Microsoft Visual Studio Solution File, Format Version 12.00
# Visual Studio Version 17
VisualStudioVersion = 17.0.31903.59
MinimumVisualStudioVersion = 10.0.40219.1
Project("{9A19103F-16F7-4668-BE54-9A1E7A4F7556}") = "Grammar.Checker.Portal.Web", "Grammar.Checker.Portal.Web\Grammar.Checker.Portal.Web.csproj", "{BD2B47DD-CB7B-4B9F-9EA0-655706511DC1}"
EndProject
Project("{FAE04EC0-301F-11D3-BF4B-00C04F79EFBC}") = "Grammar.Checker.Portal.Web.Tests.Unit", "Grammar.Checker.Portal.Web.Tests.Unit\Grammar.Checker.Portal.Web.Tests.Unit.csproj", "{BA655047-8CA6-4514-8CD0-BF29E26E9CE0}"
EndProject
Project("{FAE04EC0-301F-11D3-BF4B-00C04F79EFBC}") = "Grammar.Checker.Portal.Web.Infrastructure.Build", "Grammar.Checker.Portal.Web.Infrastructure.Build\Grammar.Checker.Portal.Web.Infrastructure.Build.csproj", "{2BB1C1B8-9C35-4798-814E-22262272F532}"
EndProject
Global
	GlobalSection(SolutionConfigurationPlatforms) = preSolution
		Debug|Any CPU = Debug|Any CPU
		Release|Any CPU = Release|Any CPU
	EndGlobalSection
	GlobalSection(ProjectConfigurationPlatforms) = postSolution
		{BD2B47DD-CB7B-4B9F-9EA0-655706511DC1}.Debug|Any CPU.ActiveCfg = Debug|Any CPU
		{BD2B47DD-CB7B-4B9F-9EA0-655706511DC1}.Debug|Any CPU.Build.0 = Debug|Any CPU
		{BD2B47DD-CB7B-4B9F-9EA0-655706511DC1}.Release|Any CPU.ActiveCfg = Release|Any CPU
		{BD2B47DD-CB7B-4B9F-9EA0-655706511DC1}.Release|Any CPU.Build.0 = Release|Any CPU
		{BA655047-8CA6-4514-8CD0-BF29E26E9CE0}.Debug|Any CPU.ActiveCfg = Debug|Any CPU
		{BA655047-8CA6-4514-8CD0-BF29E26E9CE0}.Debug|Any CPU.Build.0 = Debug|Any CPU
		{BA655047-8CA6-4514-8CD0-BF29E26E9CE0}.Release|Any CPU.ActiveCfg = Release|Any CPU
		{BA655047-8CA6-4514-8CD0-BF29E26E9CE0}.Release|Any CPU.Build.0 = Release|Any CPU
		{2BB1C1B8-9C35-4798-814E-22262272F532}.Debug|Any CPU.ActiveCfg = Debug|Any CPU
		{2BB1C1B8-9C35-4798-814E-22262272F532}.Debug|Any CPU.Build.0 = Debug|Any CPU
		{2BB1C1B8-9C35-4798-814E-22262272F532}.Release|Any CPU.ActiveCfg = Release|Any CPU
		{2BB1C1B8-9C35-4798-814E-22262272F532}.Release|Any CPU.Build.0 = Release|Any CPU
	EndGlobalSection
	GlobalSection(SolutionProperties) = preSolution
		HideSolutionNode = FALSE
	EndGlobalSection
	GlobalSection(ExtensibilityGlobals) = postSolution
		SolutionGuid = {08614F3F-6558-47EB-A8BB-5D62875AD0CC}
	EndGlobalSection
EndGlobal
